
Microsoft Visual Studio Solution File, Format Version 12.00
# Visual Studio Version 17
VisualStudioVersion = 17.7.34031.279
MinimumVisualStudioVersion = 10.0.40219.1
Project("{2150E333-8FDC-42A3-9474-1A3956D46DE8}") = "Services", "Services", "{F9F94504-3369-42D0-A2B9-2B3CBADEE18F}"
EndProject
Project("{2150E333-8FDC-42A3-9474-1A3956D46DE8}") = "Catalog", "Catalog", "{DA36FBA1-C387-44DA-A9E3-1A2C65E5E918}"
EndProject
Project("{9A19103F-16F7-4668-BE54-9A1E7A4F7556}") = "Catalog.API", "Services\Catalog\Catalog.API\Catalog.API.csproj", "{8BBE5B24-D204-43A3-8B33-91583125346B}"
EndProject
Project("{E53339B2-1760-4266-BCC7-CA923CBCF16C}") = "docker-compose", "docker-compose.dcproj", "{2FAA7624-4DBD-4F11-B440-5C9E434100A9}"
EndProject
Project("{2150E333-8FDC-42A3-9474-1A3956D46DE8}") = "Basket", "Basket", "{ABFC6A15-8A50-4F06-A880-C082852C5E7F}"
EndProject
Project("{9A19103F-16F7-4668-BE54-9A1E7A4F7556}") = "Basket.API", "Services\Basket\Basket.API\Basket.API.csproj", "{111EF5BF-60EB-410A-ACCD-C9C6B5D16087}"
EndProject
Project("{2150E333-8FDC-42A3-9474-1A3956D46DE8}") = "Discount", "Discount", "{8EE3A66A-4693-49E8-AA27-A651FCABA849}"
EndProject
Project("{FAE04EC0-301F-11D3-BF4B-00C04F79EFBC}") = "Discount.API", "Services\Discount\Discount.API\Discount.API.csproj", "{3D867B07-347A-4720-8DB6-1C017DBB1221}"
EndProject
Global
	GlobalSection(SolutionConfigurationPlatforms) = preSolution
		Debug|Any CPU = Debug|Any CPU
		Release|Any CPU = Release|Any CPU
	EndGlobalSection
	GlobalSection(ProjectConfigurationPlatforms) = postSolution
		{8BBE5B24-D204-43A3-8B33-91583125346B}.Debug|Any CPU.ActiveCfg = Debug|Any CPU
		{8BBE5B24-D204-43A3-8B33-91583125346B}.Debug|Any CPU.Build.0 = Debug|Any CPU
		{8BBE5B24-D204-43A3-8B33-91583125346B}.Release|Any CPU.ActiveCfg = Release|Any CPU
		{8BBE5B24-D204-43A3-8B33-91583125346B}.Release|Any CPU.Build.0 = Release|Any CPU
		{2FAA7624-4DBD-4F11-B440-5C9E434100A9}.Debug|Any CPU.ActiveCfg = Debug|Any CPU
		{2FAA7624-4DBD-4F11-B440-5C9E434100A9}.Debug|Any CPU.Build.0 = Debug|Any CPU
		{2FAA7624-4DBD-4F11-B440-5C9E434100A9}.Release|Any CPU.ActiveCfg = Release|Any CPU
		{2FAA7624-4DBD-4F11-B440-5C9E434100A9}.Release|Any CPU.Build.0 = Release|Any CPU
		{111EF5BF-60EB-410A-ACCD-C9C6B5D16087}.Debug|Any CPU.ActiveCfg = Debug|Any CPU
		{111EF5BF-60EB-410A-ACCD-C9C6B5D16087}.Debug|Any CPU.Build.0 = Debug|Any CPU
		{111EF5BF-60EB-410A-ACCD-C9C6B5D16087}.Release|Any CPU.ActiveCfg = Release|Any CPU
		{111EF5BF-60EB-410A-ACCD-C9C6B5D16087}.Release|Any CPU.Build.0 = Release|Any CPU
		{3D867B07-347A-4720-8DB6-1C017DBB1221}.Debug|Any CPU.ActiveCfg = Debug|Any CPU
		{3D867B07-347A-4720-8DB6-1C017DBB1221}.Debug|Any CPU.Build.0 = Debug|Any CPU
		{3D867B07-347A-4720-8DB6-1C017DBB1221}.Release|Any CPU.ActiveCfg = Release|Any CPU
		{3D867B07-347A-4720-8DB6-1C017DBB1221}.Release|Any CPU.Build.0 = Release|Any CPU
	EndGlobalSection
	GlobalSection(SolutionProperties) = preSolution
		HideSolutionNode = FALSE
	EndGlobalSection
	GlobalSection(NestedProjects) = preSolution
		{DA36FBA1-C387-44DA-A9E3-1A2C65E5E918} = {F9F94504-3369-42D0-A2B9-2B3CBADEE18F}
		{8BBE5B24-D204-43A3-8B33-91583125346B} = {DA36FBA1-C387-44DA-A9E3-1A2C65E5E918}
		{ABFC6A15-8A50-4F06-A880-C082852C5E7F} = {F9F94504-3369-42D0-A2B9-2B3CBADEE18F}
		{111EF5BF-60EB-410A-ACCD-C9C6B5D16087} = {ABFC6A15-8A50-4F06-A880-C082852C5E7F}
		{8EE3A66A-4693-49E8-AA27-A651FCABA849} = {F9F94504-3369-42D0-A2B9-2B3CBADEE18F}
		{3D867B07-347A-4720-8DB6-1C017DBB1221} = {8EE3A66A-4693-49E8-AA27-A651FCABA849}
	EndGlobalSection
	GlobalSection(ExtensibilityGlobals) = postSolution
		SolutionGuid = {9FB6E77D-CEE9-4557-802B-6EBCCFBDBA59}
	EndGlobalSection
EndGlobal
